// !$*UTF8*$!
{
	archiveVersion = 1;
	classes = {
	};
	objectVersion = 56;
	objects = {

/* Begin PBXBuildFile section */
		0B2CCD312C3A69190068C93E /* HexagonParameters.swift in Sources */ = {isa = PBXBuildFile; fileRef = 0B2CCD302C3A69190068C93E /* HexagonParameters.swift */; };
		0B2CCD332C3A6B120068C93E /* BadgeBackground.swift in Sources */ = {isa = PBXBuildFile; fileRef = 0B2CCD322C3A6B120068C93E /* BadgeBackground.swift */; };
		0B2CCD362C3A9BB30068C93E /* BadgeSymbol.swift in Sources */ = {isa = PBXBuildFile; fileRef = 0B2CCD352C3A9BB30068C93E /* BadgeSymbol.swift */; };
		0B2CCD382C3AA21D0068C93E /* RotatedBadgeSymbol.swift in Sources */ = {isa = PBXBuildFile; fileRef = 0B2CCD372C3AA21D0068C93E /* RotatedBadgeSymbol.swift */; };
		0B2CCD3A2C3AA3080068C93E /* Badge.swift in Sources */ = {isa = PBXBuildFile; fileRef = 0B2CCD392C3AA3080068C93E /* Badge.swift */; };
		0B2FC73F2C2ACB09006968C3 /* SwiftUILearn_01App.swift in Sources */ = {isa = PBXBuildFile; fileRef = 0B2FC73E2C2ACB09006968C3 /* SwiftUILearn_01App.swift */; };
		0B2FC7412C2ACB09006968C3 /* ContentView.swift in Sources */ = {isa = PBXBuildFile; fileRef = 0B2FC7402C2ACB09006968C3 /* ContentView.swift */; };
		0B2FC7432C2ACB0C006968C3 /* Assets.xcassets in Resources */ = {isa = PBXBuildFile; fileRef = 0B2FC7422C2ACB0C006968C3 /* Assets.xcassets */; };
		0B2FC7462C2ACB0C006968C3 /* Preview Assets.xcassets in Resources */ = {isa = PBXBuildFile; fileRef = 0B2FC7452C2ACB0C006968C3 /* Preview Assets.xcassets */; };
		0B73E6D42C31353B005939BF /* FavoriteButton.swift in Sources */ = {isa = PBXBuildFile; fileRef = 0B73E6D32C31353B005939BF /* FavoriteButton.swift */; };
		0B7AA5792C2BFA7F00A2C804 /* LandmarkDetail.swift in Sources */ = {isa = PBXBuildFile; fileRef = 0B7AA5782C2BFA7F00A2C804 /* LandmarkDetail.swift */; };
		0B7AA57B2C2BFBB600A2C804 /* LandmarkList.swift in Sources */ = {isa = PBXBuildFile; fileRef = 0B7AA57A2C2BFBB600A2C804 /* LandmarkList.swift */; };
		0B8F535F2C5E174C00F3A8FF /* CategoryItem.swift in Sources */ = {isa = PBXBuildFile; fileRef = 0B8F535E2C5E174C00F3A8FF /* CategoryItem.swift */; };
		0B8F53622C5F750900F3A8FF /* Profile.swift in Sources */ = {isa = PBXBuildFile; fileRef = 0B8F53612C5F750900F3A8FF /* Profile.swift */; };
		0B8F53652C5F78EE00F3A8FF /* ProfileHost.swift in Sources */ = {isa = PBXBuildFile; fileRef = 0B8F53642C5F78EE00F3A8FF /* ProfileHost.swift */; };
		0BB4595F2C3EC5AF005AA4DC /* hikeData.json in Resources */ = {isa = PBXBuildFile; fileRef = 0BB4595E2C3EC5AF005AA4DC /* hikeData.json */; };
		0BB459612C3EC5DA005AA4DC /* Hike.swift in Sources */ = {isa = PBXBuildFile; fileRef = 0BB459602C3EC5DA005AA4DC /* Hike.swift */; };
		0BB459672C3ECC86005AA4DC /* GraphCapsule.swift in Sources */ = {isa = PBXBuildFile; fileRef = 0BB459632C3ECC86005AA4DC /* GraphCapsule.swift */; };
		0BB459682C3ECC86005AA4DC /* HikeGraph.swift in Sources */ = {isa = PBXBuildFile; fileRef = 0BB459642C3ECC86005AA4DC /* HikeGraph.swift */; };
		0BB459692C3ECC86005AA4DC /* HikeDetail.swift in Sources */ = {isa = PBXBuildFile; fileRef = 0BB459652C3ECC86005AA4DC /* HikeDetail.swift */; };
		0BB4596A2C3ECC86005AA4DC /* HikeView.swift in Sources */ = {isa = PBXBuildFile; fileRef = 0BB459662C3ECC86005AA4DC /* HikeView.swift */; };
		0BC2529F2C43C2AE000CB6EA /* CategoryHome.swift in Sources */ = {isa = PBXBuildFile; fileRef = 0BC2529E2C43C2AE000CB6EA /* CategoryHome.swift */; };
		0BC252A12C43CA80000CB6EA /* CategoryRow.swift in Sources */ = {isa = PBXBuildFile; fileRef = 0BC252A02C43CA80000CB6EA /* CategoryRow.swift */; };
		0BD5E3922C2BC2A900AC1149 /* landmarkData.json in Resources */ = {isa = PBXBuildFile; fileRef = 0BD5E3912C2BC2A800AC1149 /* landmarkData.json */; };
		0BD5E3942C2BC35300AC1149 /* Landmark.swift in Sources */ = {isa = PBXBuildFile; fileRef = 0BD5E3932C2BC35300AC1149 /* Landmark.swift */; };
		0BD5E3AE2C2BCA6700AC1149 /* ModelData.swift in Sources */ = {isa = PBXBuildFile; fileRef = 0BD5E3AD2C2BCA6700AC1149 /* ModelData.swift */; };
		0BD5E3B02C2BF4A200AC1149 /* LandmarkRow.swift in Sources */ = {isa = PBXBuildFile; fileRef = 0BD5E3AF2C2BF4A200AC1149 /* LandmarkRow.swift */; };
		0BD8F5192C2AF9B9003AC670 /* CircleImage.swift in Sources */ = {isa = PBXBuildFile; fileRef = 0BD8F5182C2AF9B9003AC670 /* CircleImage.swift */; };
		0BD8F51B2C2AFD2F003AC670 /* MapView.swift in Sources */ = {isa = PBXBuildFile; fileRef = 0BD8F51A2C2AFD2F003AC670 /* MapView.swift */; };
/* End PBXBuildFile section */

/* Begin PBXContainerItemProxy section */
		0B2FC74C2C2ACB0C006968C3 /* PBXContainerItemProxy */ = {
			isa = PBXContainerItemProxy;
			containerPortal = 0B2FC7332C2ACB09006968C3 /* Project object */;
			proxyType = 1;
			remoteGlobalIDString = 0B2FC73A2C2ACB09006968C3;
			remoteInfo = "SwiftUILearn-01";
		};
		0B2FC7562C2ACB0C006968C3 /* PBXContainerItemProxy */ = {
			isa = PBXContainerItemProxy;
			containerPortal = 0B2FC7332C2ACB09006968C3 /* Project object */;
			proxyType = 1;
			remoteGlobalIDString = 0B2FC73A2C2ACB09006968C3;
			remoteInfo = "SwiftUILearn-01";
		};
/* End PBXContainerItemProxy section */

/* Begin PBXFileReference section */
		0B2CCD302C3A69190068C93E /* HexagonParameters.swift */ = {isa = PBXFileReference; lastKnownFileType = sourcecode.swift; path = HexagonParameters.swift; sourceTree = "<group>"; };
		0B2CCD322C3A6B120068C93E /* BadgeBackground.swift */ = {isa = PBXFileReference; lastKnownFileType = sourcecode.swift; path = BadgeBackground.swift; sourceTree = "<group>"; };
		0B2CCD352C3A9BB30068C93E /* BadgeSymbol.swift */ = {isa = PBXFileReference; lastKnownFileType = sourcecode.swift; path = BadgeSymbol.swift; sourceTree = "<group>"; };
		0B2CCD372C3AA21D0068C93E /* RotatedBadgeSymbol.swift */ = {isa = PBXFileReference; lastKnownFileType = sourcecode.swift; path = RotatedBadgeSymbol.swift; sourceTree = "<group>"; };
		0B2CCD392C3AA3080068C93E /* Badge.swift */ = {isa = PBXFileReference; lastKnownFileType = sourcecode.swift; path = Badge.swift; sourceTree = "<group>"; };
		0B2FC73B2C2ACB09006968C3 /* SwiftUILearn-01.app */ = {isa = PBXFileReference; explicitFileType = wrapper.application; includeInIndex = 0; path = "SwiftUILearn-01.app"; sourceTree = BUILT_PRODUCTS_DIR; };
		0B2FC73E2C2ACB09006968C3 /* SwiftUILearn_01App.swift */ = {isa = PBXFileReference; lastKnownFileType = sourcecode.swift; path = SwiftUILearn_01App.swift; sourceTree = "<group>"; };
		0B2FC7402C2ACB09006968C3 /* ContentView.swift */ = {isa = PBXFileReference; lastKnownFileType = sourcecode.swift; path = ContentView.swift; sourceTree = "<group>"; };
		0B2FC7422C2ACB0C006968C3 /* Assets.xcassets */ = {isa = PBXFileReference; lastKnownFileType = folder.assetcatalog; path = Assets.xcassets; sourceTree = "<group>"; };
		0B2FC7452C2ACB0C006968C3 /* Preview Assets.xcassets */ = {isa = PBXFileReference; lastKnownFileType = folder.assetcatalog; path = "Preview Assets.xcassets"; sourceTree = "<group>"; };
		0B2FC74B2C2ACB0C006968C3 /* SwiftUILearn-01Tests.xctest */ = {isa = PBXFileReference; explicitFileType = wrapper.cfbundle; includeInIndex = 0; path = "SwiftUILearn-01Tests.xctest"; sourceTree = BUILT_PRODUCTS_DIR; };
		0B2FC7552C2ACB0C006968C3 /* SwiftUILearn-01UITests.xctest */ = {isa = PBXFileReference; explicitFileType = wrapper.cfbundle; includeInIndex = 0; path = "SwiftUILearn-01UITests.xctest"; sourceTree = BUILT_PRODUCTS_DIR; };
		0B73E6D32C31353B005939BF /* FavoriteButton.swift */ = {isa = PBXFileReference; lastKnownFileType = sourcecode.swift; path = FavoriteButton.swift; sourceTree = "<group>"; };
		0B7AA5782C2BFA7F00A2C804 /* LandmarkDetail.swift */ = {isa = PBXFileReference; lastKnownFileType = sourcecode.swift; path = LandmarkDetail.swift; sourceTree = "<group>"; };
		0B7AA57A2C2BFBB600A2C804 /* LandmarkList.swift */ = {isa = PBXFileReference; lastKnownFileType = sourcecode.swift; path = LandmarkList.swift; sourceTree = "<group>"; };
		0B8F535E2C5E174C00F3A8FF /* CategoryItem.swift */ = {isa = PBXFileReference; lastKnownFileType = sourcecode.swift; path = CategoryItem.swift; sourceTree = "<group>"; };
		0B8F53612C5F750900F3A8FF /* Profile.swift */ = {isa = PBXFileReference; lastKnownFileType = sourcecode.swift; path = Profile.swift; sourceTree = "<group>"; };
		0B8F53642C5F78EE00F3A8FF /* ProfileHost.swift */ = {isa = PBXFileReference; lastKnownFileType = sourcecode.swift; path = ProfileHost.swift; sourceTree = "<group>"; };
		0BB4595E2C3EC5AF005AA4DC /* hikeData.json */ = {isa = PBXFileReference; fileEncoding = 4; lastKnownFileType = text.json; path = hikeData.json; sourceTree = "<group>"; };
		0BB459602C3EC5DA005AA4DC /* Hike.swift */ = {isa = PBXFileReference; lastKnownFileType = sourcecode.swift; path = Hike.swift; sourceTree = "<group>"; };
		0BB459632C3ECC86005AA4DC /* GraphCapsule.swift */ = {isa = PBXFileReference; fileEncoding = 4; lastKnownFileType = sourcecode.swift; path = GraphCapsule.swift; sourceTree = "<group>"; };
		0BB459642C3ECC86005AA4DC /* HikeGraph.swift */ = {isa = PBXFileReference; fileEncoding = 4; lastKnownFileType = sourcecode.swift; path = HikeGraph.swift; sourceTree = "<group>"; };
		0BB459652C3ECC86005AA4DC /* HikeDetail.swift */ = {isa = PBXFileReference; fileEncoding = 4; lastKnownFileType = sourcecode.swift; path = HikeDetail.swift; sourceTree = "<group>"; };
		0BB459662C3ECC86005AA4DC /* HikeView.swift */ = {isa = PBXFileReference; fileEncoding = 4; lastKnownFileType = sourcecode.swift; path = HikeView.swift; sourceTree = "<group>"; };
		0BC2529E2C43C2AE000CB6EA /* CategoryHome.swift */ = {isa = PBXFileReference; lastKnownFileType = sourcecode.swift; path = CategoryHome.swift; sourceTree = "<group>"; };
		0BC252A02C43CA80000CB6EA /* CategoryRow.swift */ = {isa = PBXFileReference; lastKnownFileType = sourcecode.swift; path = CategoryRow.swift; sourceTree = "<group>"; };
		0BD5E3912C2BC2A800AC1149 /* landmarkData.json */ = {isa = PBXFileReference; fileEncoding = 4; lastKnownFileType = text.json; path = landmarkData.json; sourceTree = "<group>"; };
		0BD5E3932C2BC35300AC1149 /* Landmark.swift */ = {isa = PBXFileReference; lastKnownFileType = sourcecode.swift; path = Landmark.swift; sourceTree = "<group>"; };
		0BD5E3AD2C2BCA6700AC1149 /* ModelData.swift */ = {isa = PBXFileReference; lastKnownFileType = sourcecode.swift; path = ModelData.swift; sourceTree = "<group>"; };
		0BD5E3AF2C2BF4A200AC1149 /* LandmarkRow.swift */ = {isa = PBXFileReference; lastKnownFileType = sourcecode.swift; path = LandmarkRow.swift; sourceTree = "<group>"; };
		0BD8F5182C2AF9B9003AC670 /* CircleImage.swift */ = {isa = PBXFileReference; lastKnownFileType = sourcecode.swift; path = CircleImage.swift; sourceTree = "<group>"; };
		0BD8F51A2C2AFD2F003AC670 /* MapView.swift */ = {isa = PBXFileReference; lastKnownFileType = sourcecode.swift; path = MapView.swift; sourceTree = "<group>"; };
/* End PBXFileReference section */

/* Begin PBXFrameworksBuildPhase section */
		0B2FC7382C2ACB09006968C3 /* Frameworks */ = {
			isa = PBXFrameworksBuildPhase;
			buildActionMask = 2147483647;
			files = (
			);
			runOnlyForDeploymentPostprocessing = 0;
		};
		0B2FC7482C2ACB0C006968C3 /* Frameworks */ = {
			isa = PBXFrameworksBuildPhase;
			buildActionMask = 2147483647;
			files = (
			);
			runOnlyForDeploymentPostprocessing = 0;
		};
		0B2FC7522C2ACB0C006968C3 /* Frameworks */ = {
			isa = PBXFrameworksBuildPhase;
			buildActionMask = 2147483647;
			files = (
			);
			runOnlyForDeploymentPostprocessing = 0;
		};
/* End PBXFrameworksBuildPhase section */

/* Begin PBXGroup section */
		0B2CCD342C3A9A1C0068C93E /* Badges */ = {
			isa = PBXGroup;
			children = (
				0B2CCD302C3A69190068C93E /* HexagonParameters.swift */,
				0B2CCD322C3A6B120068C93E /* BadgeBackground.swift */,
				0B2CCD352C3A9BB30068C93E /* BadgeSymbol.swift */,
				0B2CCD372C3AA21D0068C93E /* RotatedBadgeSymbol.swift */,
				0B2CCD392C3AA3080068C93E /* Badge.swift */,
			);
			path = Badges;
			sourceTree = "<group>";
		};
		0B2FC7322C2ACB09006968C3 = {
			isa = PBXGroup;
			children = (
				0B2FC73D2C2ACB09006968C3 /* SwiftUILearn-01 */,
				0B2FC73C2C2ACB09006968C3 /* Products */,
			);
			sourceTree = "<group>";
		};
		0B2FC73C2C2ACB09006968C3 /* Products */ = {
			isa = PBXGroup;
			children = (
				0B2FC73B2C2ACB09006968C3 /* SwiftUILearn-01.app */,
				0B2FC74B2C2ACB0C006968C3 /* SwiftUILearn-01Tests.xctest */,
				0B2FC7552C2ACB0C006968C3 /* SwiftUILearn-01UITests.xctest */,
			);
			name = Products;
			sourceTree = "<group>";
		};
		0B2FC73D2C2ACB09006968C3 /* SwiftUILearn-01 */ = {
			isa = PBXGroup;
			children = (
				0B2FC73E2C2ACB09006968C3 /* SwiftUILearn_01App.swift */,
				0BD5E38B2C2BC17B00AC1149 /* Views */,
				0BD5E3952C2BC40E00AC1149 /* Model */,
				0BD5E38E2C2BC24600AC1149 /* Reserrces */,
				0B2FC7422C2ACB0C006968C3 /* Assets.xcassets */,
				0B2FC7442C2ACB0C006968C3 /* Preview Content */,
			);
			path = "SwiftUILearn-01";
			sourceTree = "<group>";
		};
		0B2FC7442C2ACB0C006968C3 /* Preview Content */ = {
			isa = PBXGroup;
			children = (
				0B2FC7452C2ACB0C006968C3 /* Preview Assets.xcassets */,
			);
			path = "Preview Content";
			sourceTree = "<group>";
		};
		0B73E6D52C3137A2005939BF /* Landmarks */ = {
			isa = PBXGroup;
			children = (
				0B7AA57A2C2BFBB600A2C804 /* LandmarkList.swift */,
				0BD5E3AF2C2BF4A200AC1149 /* LandmarkRow.swift */,
				0B7AA5782C2BFA7F00A2C804 /* LandmarkDetail.swift */,
			);
			path = Landmarks;
			sourceTree = "<group>";
		};
		0B73E6D62C3137C6005939BF /* Helper */ = {
			isa = PBXGroup;
			children = (
				0BD8F51A2C2AFD2F003AC670 /* MapView.swift */,
				0BD8F5182C2AF9B9003AC670 /* CircleImage.swift */,
				0B73E6D32C31353B005939BF /* FavoriteButton.swift */,
			);
			path = Helper;
			sourceTree = "<group>";
		};
		0B8F53632C5F78CD00F3A8FF /* Profiles */ = {
			isa = PBXGroup;
			children = (
				0B8F53642C5F78EE00F3A8FF /* ProfileHost.swift */,
			);
			path = Profiles;
			sourceTree = "<group>";
		};
		0BB459622C3ECC86005AA4DC /* Hikes */ = {
			isa = PBXGroup;
			children = (
				0BB459632C3ECC86005AA4DC /* GraphCapsule.swift */,
				0BB459642C3ECC86005AA4DC /* HikeGraph.swift */,
				0BB459652C3ECC86005AA4DC /* HikeDetail.swift */,
				0BB459662C3ECC86005AA4DC /* HikeView.swift */,
			);
			path = Hikes;
			sourceTree = "<group>";
		};
		0BC2529D2C43C292000CB6EA /* Category */ = {
			isa = PBXGroup;
			children = (
				0BC2529E2C43C2AE000CB6EA /* CategoryHome.swift */,
				0BC252A02C43CA80000CB6EA /* CategoryRow.swift */,
				0B8F535E2C5E174C00F3A8FF /* CategoryItem.swift */,
			);
			path = Category;
			sourceTree = "<group>";
		};
		0BD5E38B2C2BC17B00AC1149 /* Views */ = {
			isa = PBXGroup;
			children = (
				0B2FC7402C2ACB09006968C3 /* ContentView.swift */,
				0BC2529D2C43C292000CB6EA /* Category */,
				0BB459622C3ECC86005AA4DC /* Hikes */,
				0B73E6D52C3137A2005939BF /* Landmarks */,
				0B2CCD342C3A9A1C0068C93E /* Badges */,
				0B73E6D62C3137C6005939BF /* Helper */,
				0B8F53632C5F78CD00F3A8FF /* Profiles */,
			);
			path = Views;
			sourceTree = "<group>";
		};
		0BD5E38E2C2BC24600AC1149 /* Reserrces */ = {
			isa = PBXGroup;
			children = (
				0BB4595E2C3EC5AF005AA4DC /* hikeData.json */,
				0BD5E3912C2BC2A800AC1149 /* landmarkData.json */,
			);
			path = Reserrces;
			sourceTree = "<group>";
		};
		0BD5E3952C2BC40E00AC1149 /* Model */ = {
			isa = PBXGroup;
			children = (
				0BD5E3AD2C2BCA6700AC1149 /* ModelData.swift */,
				0BD5E3932C2BC35300AC1149 /* Landmark.swift */,
				0BB459602C3EC5DA005AA4DC /* Hike.swift */,
				0B8F53612C5F750900F3A8FF /* Profile.swift */,
			);
			path = Model;
			sourceTree = "<group>";
		};
/* End PBXGroup section */

/* Begin PBXNativeTarget section */
		0B2FC73A2C2ACB09006968C3 /* SwiftUILearn-01 */ = {
			isa = PBXNativeTarget;
			buildConfigurationList = 0B2FC75F2C2ACB0C006968C3 /* Build configuration list for PBXNativeTarget "SwiftUILearn-01" */;
			buildPhases = (
				0B2FC7372C2ACB09006968C3 /* Sources */,
				0B2FC7382C2ACB09006968C3 /* Frameworks */,
				0B2FC7392C2ACB09006968C3 /* Resources */,
			);
			buildRules = (
			);
			dependencies = (
			);
			name = "SwiftUILearn-01";
			productName = "SwiftUILearn-01";
			productReference = 0B2FC73B2C2ACB09006968C3 /* SwiftUILearn-01.app */;
			productType = "com.apple.product-type.application";
		};
		0B2FC74A2C2ACB0C006968C3 /* SwiftUILearn-01Tests */ = {
			isa = PBXNativeTarget;
			buildConfigurationList = 0B2FC7622C2ACB0C006968C3 /* Build configuration list for PBXNativeTarget "SwiftUILearn-01Tests" */;
			buildPhases = (
				0B2FC7472C2ACB0C006968C3 /* Sources */,
				0B2FC7482C2ACB0C006968C3 /* Frameworks */,
				0B2FC7492C2ACB0C006968C3 /* Resources */,
			);
			buildRules = (
			);
			dependencies = (
				0B2FC74D2C2ACB0C006968C3 /* PBXTargetDependency */,
			);
			name = "SwiftUILearn-01Tests";
			productName = "SwiftUILearn-01Tests";
			productReference = 0B2FC74B2C2ACB0C006968C3 /* SwiftUILearn-01Tests.xctest */;
			productType = "com.apple.product-type.bundle.unit-test";
		};
		0B2FC7542C2ACB0C006968C3 /* SwiftUILearn-01UITests */ = {
			isa = PBXNativeTarget;
			buildConfigurationList = 0B2FC7652C2ACB0C006968C3 /* Build configuration list for PBXNativeTarget "SwiftUILearn-01UITests" */;
			buildPhases = (
				0B2FC7512C2ACB0C006968C3 /* Sources */,
				0B2FC7522C2ACB0C006968C3 /* Frameworks */,
				0B2FC7532C2ACB0C006968C3 /* Resources */,
			);
			buildRules = (
			);
			dependencies = (
				0B2FC7572C2ACB0C006968C3 /* PBXTargetDependency */,
			);
			name = "SwiftUILearn-01UITests";
			productName = "SwiftUILearn-01UITests";
			productReference = 0B2FC7552C2ACB0C006968C3 /* SwiftUILearn-01UITests.xctest */;
			productType = "com.apple.product-type.bundle.ui-testing";
		};
/* End PBXNativeTarget section */

/* Begin PBXProject section */
		0B2FC7332C2ACB09006968C3 /* Project object */ = {
			isa = PBXProject;
			attributes = {
				BuildIndependentTargetsInParallel = 1;
				LastSwiftUpdateCheck = 1520;
				LastUpgradeCheck = 1520;
				TargetAttributes = {
					0B2FC73A2C2ACB09006968C3 = {
						CreatedOnToolsVersion = 15.2;
					};
					0B2FC74A2C2ACB0C006968C3 = {
						CreatedOnToolsVersion = 15.2;
						TestTargetID = 0B2FC73A2C2ACB09006968C3;
					};
					0B2FC7542C2ACB0C006968C3 = {
						CreatedOnToolsVersion = 15.2;
						TestTargetID = 0B2FC73A2C2ACB09006968C3;
					};
				};
			};
			buildConfigurationList = 0B2FC7362C2ACB09006968C3 /* Build configuration list for PBXProject "SwiftUILearn-01" */;
			compatibilityVersion = "Xcode 14.0";
			developmentRegion = en;
			hasScannedForEncodings = 0;
			knownRegions = (
				en,
				Base,
			);
			mainGroup = 0B2FC7322C2ACB09006968C3;
			productRefGroup = 0B2FC73C2C2ACB09006968C3 /* Products */;
			projectDirPath = "";
			projectRoot = "";
			targets = (
				0B2FC73A2C2ACB09006968C3 /* SwiftUILearn-01 */,
				0B2FC74A2C2ACB0C006968C3 /* SwiftUILearn-01Tests */,
				0B2FC7542C2ACB0C006968C3 /* SwiftUILearn-01UITests */,
			);
		};
/* End PBXProject section */

/* Begin PBXResourcesBuildPhase section */
		0B2FC7392C2ACB09006968C3 /* Resources */ = {
			isa = PBXResourcesBuildPhase;
			buildActionMask = 2147483647;
			files = (
				0BB4595F2C3EC5AF005AA4DC /* hikeData.json in Resources */,
				0B2FC7462C2ACB0C006968C3 /* Preview Assets.xcassets in Resources */,
				0B2FC7432C2ACB0C006968C3 /* Assets.xcassets in Resources */,
				0BD5E3922C2BC2A900AC1149 /* landmarkData.json in Resources */,
			);
			runOnlyForDeploymentPostprocessing = 0;
		};
		0B2FC7492C2ACB0C006968C3 /* Resources */ = {
			isa = PBXResourcesBuildPhase;
			buildActionMask = 2147483647;
			files = (
			);
			runOnlyForDeploymentPostprocessing = 0;
		};
		0B2FC7532C2ACB0C006968C3 /* Resources */ = {
			isa = PBXResourcesBuildPhase;
			buildActionMask = 2147483647;
			files = (
			);
			runOnlyForDeploymentPostprocessing = 0;
		};
/* End PBXResourcesBuildPhase section */

/* Begin PBXSourcesBuildPhase section */
		0B2FC7372C2ACB09006968C3 /* Sources */ = {
			isa = PBXSourcesBuildPhase;
			buildActionMask = 2147483647;
			files = (
				0BC252A12C43CA80000CB6EA /* CategoryRow.swift in Sources */,
				0B8F53622C5F750900F3A8FF /* Profile.swift in Sources */,
				0B2FC7412C2ACB09006968C3 /* ContentView.swift in Sources */,
				0BC2529F2C43C2AE000CB6EA /* CategoryHome.swift in Sources */,
				0BB459682C3ECC86005AA4DC /* HikeGraph.swift in Sources */,
				0B2CCD3A2C3AA3080068C93E /* Badge.swift in Sources */,
				0BD8F51B2C2AFD2F003AC670 /* MapView.swift in Sources */,
				0BB459672C3ECC86005AA4DC /* GraphCapsule.swift in Sources */,
				0B7AA5792C2BFA7F00A2C804 /* LandmarkDetail.swift in Sources */,
				0B73E6D42C31353B005939BF /* FavoriteButton.swift in Sources */,
				0B8F535F2C5E174C00F3A8FF /* CategoryItem.swift in Sources */,
				0BB459692C3ECC86005AA4DC /* HikeDetail.swift in Sources */,
				0B2CCD312C3A69190068C93E /* HexagonParameters.swift in Sources */,
				0B8F53652C5F78EE00F3A8FF /* ProfileHost.swift in Sources */,
				0BB459612C3EC5DA005AA4DC /* Hike.swift in Sources */,
				0B2CCD382C3AA21D0068C93E /* RotatedBadgeSymbol.swift in Sources */,
				0B2CCD362C3A9BB30068C93E /* BadgeSymbol.swift in Sources */,
				0B2FC73F2C2ACB09006968C3 /* SwiftUILearn_01App.swift in Sources */,
				0BB4596A2C3ECC86005AA4DC /* HikeView.swift in Sources */,
				0B7AA57B2C2BFBB600A2C804 /* LandmarkList.swift in Sources */,
				0B2CCD332C3A6B120068C93E /* BadgeBackground.swift in Sources */,
				0BD8F5192C2AF9B9003AC670 /* CircleImage.swift in Sources */,
				0BD5E3942C2BC35300AC1149 /* Landmark.swift in Sources */,
				0BD5E3B02C2BF4A200AC1149 /* LandmarkRow.swift in Sources */,
				0BD5E3AE2C2BCA6700AC1149 /* ModelData.swift in Sources */,
			);
			runOnlyForDeploymentPostprocessing = 0;
		};
		0B2FC7472C2ACB0C006968C3 /* Sources */ = {
			isa = PBXSourcesBuildPhase;
			buildActionMask = 2147483647;
			files = (
			);
			runOnlyForDeploymentPostprocessing = 0;
		};
		0B2FC7512C2ACB0C006968C3 /* Sources */ = {
			isa = PBXSourcesBuildPhase;
			buildActionMask = 2147483647;
			files = (
			);
			runOnlyForDeploymentPostprocessing = 0;
		};
/* End PBXSourcesBuildPhase section */

/* Begin PBXTargetDependency section */
		0B2FC74D2C2ACB0C006968C3 /* PBXTargetDependency */ = {
			isa = PBXTargetDependency;
			target = 0B2FC73A2C2ACB09006968C3 /* SwiftUILearn-01 */;
			targetProxy = 0B2FC74C2C2ACB0C006968C3 /* PBXContainerItemProxy */;
		};
		0B2FC7572C2ACB0C006968C3 /* PBXTargetDependency */ = {
			isa = PBXTargetDependency;
			target = 0B2FC73A2C2ACB09006968C3 /* SwiftUILearn-01 */;
			targetProxy = 0B2FC7562C2ACB0C006968C3 /* PBXContainerItemProxy */;
		};
/* End PBXTargetDependency section */

/* Begin XCBuildConfiguration section */
		0B2FC75D2C2ACB0C006968C3 /* Debug */ = {
			isa = XCBuildConfiguration;
			buildSettings = {
				ALWAYS_SEARCH_USER_PATHS = NO;
				ASSETCATALOG_COMPILER_GENERATE_SWIFT_ASSET_SYMBOL_EXTENSIONS = YES;
				CLANG_ANALYZER_NONNULL = YES;
				CLANG_ANALYZER_NUMBER_OBJECT_CONVERSION = YES_AGGRESSIVE;
				CLANG_CXX_LANGUAGE_STANDARD = "gnu++20";
				CLANG_ENABLE_MODULES = YES;
				CLANG_ENABLE_OBJC_ARC = YES;
				CLANG_ENABLE_OBJC_WEAK = YES;
				CLANG_WARN_BLOCK_CAPTURE_AUTORELEASING = YES;
				CLANG_WARN_BOOL_CONVERSION = YES;
				CLANG_WARN_COMMA = YES;
				CLANG_WARN_CONSTANT_CONVERSION = YES;
				CLANG_WARN_DEPRECATED_OBJC_IMPLEMENTATIONS = YES;
				CLANG_WARN_DIRECT_OBJC_ISA_USAGE = YES_ERROR;
				CLANG_WARN_DOCUMENTATION_COMMENTS = YES;
				CLANG_WARN_EMPTY_BODY = YES;
				CLANG_WARN_ENUM_CONVERSION = YES;
				CLANG_WARN_INFINITE_RECURSION = YES;
				CLANG_WARN_INT_CONVERSION = YES;
				CLANG_WARN_NON_LITERAL_NULL_CONVERSION = YES;
				CLANG_WARN_OBJC_IMPLICIT_RETAIN_SELF = YES;
				CLANG_WARN_OBJC_LITERAL_CONVERSION = YES;
				CLANG_WARN_OBJC_ROOT_CLASS = YES_ERROR;
				CLANG_WARN_QUOTED_INCLUDE_IN_FRAMEWORK_HEADER = YES;
				CLANG_WARN_RANGE_LOOP_ANALYSIS = YES;
				CLANG_WARN_STRICT_PROTOTYPES = YES;
				CLANG_WARN_SUSPICIOUS_MOVE = YES;
				CLANG_WARN_UNGUARDED_AVAILABILITY = YES_AGGRESSIVE;
				CLANG_WARN_UNREACHABLE_CODE = YES;
				CLANG_WARN__DUPLICATE_METHOD_MATCH = YES;
				COPY_PHASE_STRIP = NO;
				DEBUG_INFORMATION_FORMAT = dwarf;
				ENABLE_STRICT_OBJC_MSGSEND = YES;
				ENABLE_TESTABILITY = YES;
				ENABLE_USER_SCRIPT_SANDBOXING = YES;
				GCC_C_LANGUAGE_STANDARD = gnu17;
				GCC_DYNAMIC_NO_PIC = NO;
				GCC_NO_COMMON_BLOCKS = YES;
				GCC_OPTIMIZATION_LEVEL = 0;
				GCC_PREPROCESSOR_DEFINITIONS = (
					"DEBUG=1",
					"$(inherited)",
				);
				GCC_WARN_64_TO_32_BIT_CONVERSION = YES;
				GCC_WARN_ABOUT_RETURN_TYPE = YES_ERROR;
				GCC_WARN_UNDECLARED_SELECTOR = YES;
				GCC_WARN_UNINITIALIZED_AUTOS = YES_AGGRESSIVE;
				GCC_WARN_UNUSED_FUNCTION = YES;
				GCC_WARN_UNUSED_VARIABLE = YES;
				IPHONEOS_DEPLOYMENT_TARGET = 17.2;
				LOCALIZATION_PREFERS_STRING_CATALOGS = YES;
				MTL_ENABLE_DEBUG_INFO = INCLUDE_SOURCE;
				MTL_FAST_MATH = YES;
				ONLY_ACTIVE_ARCH = YES;
				SDKROOT = iphoneos;
				SWIFT_ACTIVE_COMPILATION_CONDITIONS = "DEBUG $(inherited)";
				SWIFT_OPTIMIZATION_LEVEL = "-Onone";
			};
			name = Debug;
		};
		0B2FC75E2C2ACB0C006968C3 /* Release */ = {
			isa = XCBuildConfiguration;
			buildSettings = {
				ALWAYS_SEARCH_USER_PATHS = NO;
				ASSETCATALOG_COMPILER_GENERATE_SWIFT_ASSET_SYMBOL_EXTENSIONS = YES;
				CLANG_ANALYZER_NONNULL = YES;
				CLANG_ANALYZER_NUMBER_OBJECT_CONVERSION = YES_AGGRESSIVE;
				CLANG_CXX_LANGUAGE_STANDARD = "gnu++20";
				CLANG_ENABLE_MODULES = YES;
				CLANG_ENABLE_OBJC_ARC = YES;
				CLANG_ENABLE_OBJC_WEAK = YES;
				CLANG_WARN_BLOCK_CAPTURE_AUTORELEASING = YES;
				CLANG_WARN_BOOL_CONVERSION = YES;
				CLANG_WARN_COMMA = YES;
				CLANG_WARN_CONSTANT_CONVERSION = YES;
				CLANG_WARN_DEPRECATED_OBJC_IMPLEMENTATIONS = YES;
				CLANG_WARN_DIRECT_OBJC_ISA_USAGE = YES_ERROR;
				CLANG_WARN_DOCUMENTATION_COMMENTS = YES;
				CLANG_WARN_EMPTY_BODY = YES;
				CLANG_WARN_ENUM_CONVERSION = YES;
				CLANG_WARN_INFINITE_RECURSION = YES;
				CLANG_WARN_INT_CONVERSION = YES;
				CLANG_WARN_NON_LITERAL_NULL_CONVERSION = YES;
				CLANG_WARN_OBJC_IMPLICIT_RETAIN_SELF = YES;
				CLANG_WARN_OBJC_LITERAL_CONVERSION = YES;
				CLANG_WARN_OBJC_ROOT_CLASS = YES_ERROR;
				CLANG_WARN_QUOTED_INCLUDE_IN_FRAMEWORK_HEADER = YES;
				CLANG_WARN_RANGE_LOOP_ANALYSIS = YES;
				CLANG_WARN_STRICT_PROTOTYPES = YES;
				CLANG_WARN_SUSPICIOUS_MOVE = YES;
				CLANG_WARN_UNGUARDED_AVAILABILITY = YES_AGGRESSIVE;
				CLANG_WARN_UNREACHABLE_CODE = YES;
				CLANG_WARN__DUPLICATE_METHOD_MATCH = YES;
				COPY_PHASE_STRIP = NO;
				DEBUG_INFORMATION_FORMAT = "dwarf-with-dsym";
				ENABLE_NS_ASSERTIONS = NO;
				ENABLE_STRICT_OBJC_MSGSEND = YES;
				ENABLE_USER_SCRIPT_SANDBOXING = YES;
				GCC_C_LANGUAGE_STANDARD = gnu17;
				GCC_NO_COMMON_BLOCKS = YES;
				GCC_WARN_64_TO_32_BIT_CONVERSION = YES;
				GCC_WARN_ABOUT_RETURN_TYPE = YES_ERROR;
				GCC_WARN_UNDECLARED_SELECTOR = YES;
				GCC_WARN_UNINITIALIZED_AUTOS = YES_AGGRESSIVE;
				GCC_WARN_UNUSED_FUNCTION = YES;
				GCC_WARN_UNUSED_VARIABLE = YES;
				IPHONEOS_DEPLOYMENT_TARGET = 17.2;
				LOCALIZATION_PREFERS_STRING_CATALOGS = YES;
				MTL_ENABLE_DEBUG_INFO = NO;
				MTL_FAST_MATH = YES;
				SDKROOT = iphoneos;
				SWIFT_COMPILATION_MODE = wholemodule;
				VALIDATE_PRODUCT = YES;
			};
			name = Release;
		};
		0B2FC7602C2ACB0C006968C3 /* Debug */ = {
			isa = XCBuildConfiguration;
			buildSettings = {
				ASSETCATALOG_COMPILER_APPICON_NAME = AppIcon;
				ASSETCATALOG_COMPILER_GLOBAL_ACCENT_COLOR_NAME = AccentColor;
				CODE_SIGN_STYLE = Automatic;
				CURRENT_PROJECT_VERSION = 1;
				DEVELOPMENT_ASSET_PATHS = "\"SwiftUILearn-01/Preview Content\"";
				DEVELOPMENT_TEAM = 3WA29S89X4;
				ENABLE_PREVIEWS = YES;
				GENERATE_INFOPLIST_FILE = YES;
				INFOPLIST_KEY_UIApplicationSceneManifest_Generation = YES;
				INFOPLIST_KEY_UIApplicationSupportsIndirectInputEvents = YES;
				INFOPLIST_KEY_UILaunchScreen_Generation = YES;
				INFOPLIST_KEY_UISupportedInterfaceOrientations_iPad = "UIInterfaceOrientationPortrait UIInterfaceOrientationPortraitUpsideDown UIInterfaceOrientationLandscapeLeft UIInterfaceOrientationLandscapeRight";
				INFOPLIST_KEY_UISupportedInterfaceOrientations_iPhone = "UIInterfaceOrientationPortrait UIInterfaceOrientationLandscapeLeft UIInterfaceOrientationLandscapeRight";
				IPHONEOS_DEPLOYMENT_TARGET = 17.0;
				LD_RUNPATH_SEARCH_PATHS = (
					"$(inherited)",
					"@executable_path/Frameworks",
				);
				MARKETING_VERSION = 1.0;
				PRODUCT_BUNDLE_IDENTIFIER = "com.cl.learn.SwiftUILearn-01";
				PRODUCT_NAME = "$(TARGET_NAME)";
				SWIFT_EMIT_LOC_STRINGS = YES;
				SWIFT_VERSION = 5.0;
				TARGETED_DEVICE_FAMILY = "1,2";
			};
			name = Debug;
		};
		0B2FC7612C2ACB0C006968C3 /* Release */ = {
			isa = XCBuildConfiguration;
			buildSettings = {
				ASSETCATALOG_COMPILER_APPICON_NAME = AppIcon;
				ASSETCATALOG_COMPILER_GLOBAL_ACCENT_COLOR_NAME = AccentColor;
				CODE_SIGN_STYLE = Automatic;
				CURRENT_PROJECT_VERSION = 1;
				DEVELOPMENT_ASSET_PATHS = "\"SwiftUILearn-01/Preview Content\"";
				DEVELOPMENT_TEAM = 3WA29S89X4;
				ENABLE_PREVIEWS = YES;
				GENERATE_INFOPLIST_FILE = YES;
				INFOPLIST_KEY_UIApplicationSceneManifest_Generation = YES;
				INFOPLIST_KEY_UIApplicationSupportsIndirectInputEvents = YES;
				INFOPLIST_KEY_UILaunchScreen_Generation = YES;
				INFOPLIST_KEY_UISupportedInterfaceOrientations_iPad = "UIInterfaceOrientationPortrait UIInterfaceOrientationPortraitUpsideDown UIInterfaceOrientationLandscapeLeft UIInterfaceOrientationLandscapeRight";
				INFOPLIST_KEY_UISupportedInterfaceOrientations_iPhone = "UIInterfaceOrientationPortrait UIInterfaceOrientationLandscapeLeft UIInterfaceOrientationLandscapeRight";
				IPHONEOS_DEPLOYMENT_TARGET = 17.0;
				LD_RUNPATH_SEARCH_PATHS = (
					"$(inherited)",
					"@executable_path/Frameworks",
				);
				MARKETING_VERSION = 1.0;
				PRODUCT_BUNDLE_IDENTIFIER = "com.cl.learn.SwiftUILearn-01";
				PRODUCT_NAME = "$(TARGET_NAME)";
				SWIFT_EMIT_LOC_STRINGS = YES;
				SWIFT_VERSION = 5.0;
				TARGETED_DEVICE_FAMILY = "1,2";
			};
			name = Release;
		};
		0B2FC7632C2ACB0C006968C3 /* Debug */ = {
			isa = XCBuildConfiguration;
			buildSettings = {
				ALWAYS_EMBED_SWIFT_STANDARD_LIBRARIES = YES;
				BUNDLE_LOADER = "$(TEST_HOST)";
				CODE_SIGN_STYLE = Automatic;
				CURRENT_PROJECT_VERSION = 1;
				DEVELOPMENT_TEAM = 3WA29S89X4;
				GENERATE_INFOPLIST_FILE = YES;
				IPHONEOS_DEPLOYMENT_TARGET = 17.2;
				MARKETING_VERSION = 1.0;
				PRODUCT_BUNDLE_IDENTIFIER = "com.cl.learn.SwiftUILearn-01Tests";
				PRODUCT_NAME = "$(TARGET_NAME)";
				SWIFT_EMIT_LOC_STRINGS = NO;
				SWIFT_VERSION = 5.0;
				TARGETED_DEVICE_FAMILY = "1,2";
				TEST_HOST = "$(BUILT_PRODUCTS_DIR)/SwiftUILearn-01.app/$(BUNDLE_EXECUTABLE_FOLDER_PATH)/SwiftUILearn-01";
			};
			name = Debug;
		};
		0B2FC7642C2ACB0C006968C3 /* Release */ = {
			isa = XCBuildConfiguration;
			buildSettings = {
				ALWAYS_EMBED_SWIFT_STANDARD_LIBRARIES = YES;
				BUNDLE_LOADER = "$(TEST_HOST)";
				CODE_SIGN_STYLE = Automatic;
				CURRENT_PROJECT_VERSION = 1;
				DEVELOPMENT_TEAM = 3WA29S89X4;
				GENERATE_INFOPLIST_FILE = YES;
				IPHONEOS_DEPLOYMENT_TARGET = 17.2;
				MARKETING_VERSION = 1.0;
				PRODUCT_BUNDLE_IDENTIFIER = "com.cl.learn.SwiftUILearn-01Tests";
				PRODUCT_NAME = "$(TARGET_NAME)";
				SWIFT_EMIT_LOC_STRINGS = NO;
				SWIFT_VERSION = 5.0;
				TARGETED_DEVICE_FAMILY = "1,2";
				TEST_HOST = "$(BUILT_PRODUCTS_DIR)/SwiftUILearn-01.app/$(BUNDLE_EXECUTABLE_FOLDER_PATH)/SwiftUILearn-01";
			};
			name = Release;
		};
		0B2FC7662C2ACB0C006968C3 /* Debug */ = {
			isa = XCBuildConfiguration;
			buildSettings = {
				ALWAYS_EMBED_SWIFT_STANDARD_LIBRARIES = YES;
				CODE_SIGN_STYLE = Automatic;
				CURRENT_PROJECT_VERSION = 1;
				DEVELOPMENT_TEAM = 3WA29S89X4;
				GENERATE_INFOPLIST_FILE = YES;
				MARKETING_VERSION = 1.0;
				PRODUCT_BUNDLE_IDENTIFIER = "com.cl.learn.SwiftUILearn-01UITests";
				PRODUCT_NAME = "$(TARGET_NAME)";
				SWIFT_EMIT_LOC_STRINGS = NO;
				SWIFT_VERSION = 5.0;
				TARGETED_DEVICE_FAMILY = "1,2";
				TEST_TARGET_NAME = "SwiftUILearn-01";
			};
			name = Debug;
		};
		0B2FC7672C2ACB0C006968C3 /* Release */ = {
			isa = XCBuildConfiguration;
			buildSettings = {
				ALWAYS_EMBED_SWIFT_STANDARD_LIBRARIES = YES;
				CODE_SIGN_STYLE = Automatic;
				CURRENT_PROJECT_VERSION = 1;
				DEVELOPMENT_TEAM = 3WA29S89X4;
				GENERATE_INFOPLIST_FILE = YES;
				MARKETING_VERSION = 1.0;
				PRODUCT_BUNDLE_IDENTIFIER = "com.cl.learn.SwiftUILearn-01UITests";
				PRODUCT_NAME = "$(TARGET_NAME)";
				SWIFT_EMIT_LOC_STRINGS = NO;
				SWIFT_VERSION = 5.0;
				TARGETED_DEVICE_FAMILY = "1,2";
				TEST_TARGET_NAME = "SwiftUILearn-01";
			};
			name = Release;
		};
/* End XCBuildConfiguration section */

/* Begin XCConfigurationList section */
		0B2FC7362C2ACB09006968C3 /* Build configuration list for PBXProject "SwiftUILearn-01" */ = {
			isa = XCConfigurationList;
			buildConfigurations = (
				0B2FC75D2C2ACB0C006968C3 /* Debug */,
				0B2FC75E2C2ACB0C006968C3 /* Release */,
			);
			defaultConfigurationIsVisible = 0;
			defaultConfigurationName = Release;
		};
		0B2FC75F2C2ACB0C006968C3 /* Build configuration list for PBXNativeTarget "SwiftUILearn-01" */ = {
			isa = XCConfigurationList;
			buildConfigurations = (
				0B2FC7602C2ACB0C006968C3 /* Debug */,
				0B2FC7612C2ACB0C006968C3 /* Release */,
			);
			defaultConfigurationIsVisible = 0;
			defaultConfigurationName = Release;
		};
		0B2FC7622C2ACB0C006968C3 /* Build configuration list for PBXNativeTarget "SwiftUILearn-01Tests" */ = {
			isa = XCConfigurationList;
			buildConfigurations = (
				0B2FC7632C2ACB0C006968C3 /* Debug */,
				0B2FC7642C2ACB0C006968C3 /* Release */,
			);
			defaultConfigurationIsVisible = 0;
			defaultConfigurationName = Release;
		};
		0B2FC7652C2ACB0C006968C3 /* Build configuration list for PBXNativeTarget "SwiftUILearn-01UITests" */ = {
			isa = XCConfigurationList;
			buildConfigurations = (
				0B2FC7662C2ACB0C006968C3 /* Debug */,
				0B2FC7672C2ACB0C006968C3 /* Release */,
			);
			defaultConfigurationIsVisible = 0;
			defaultConfigurationName = Release;
		};
/* End XCConfigurationList section */
	};
	rootObject = 0B2FC7332C2ACB09006968C3 /* Project object */;
}
